
Microsoft Visual Studio Solution File, Format Version 12.00
# Visual Studio 14
VisualStudioVersion = 14.0.25420.1
MinimumVisualStudioVersion = 10.0.40219.1
Project("{FAE04EC0-301F-11D3-BF4B-00C04F79EFBC}") = "Nol3.Communication", "Nol3.Communication\Nol3.Communication.csproj", "{F789D1C0-8838-47CC-A583-68277334D520}"
	ProjectSection(ProjectDependencies) = postProject
		{045F13BC-72E6-423F-8696-C21F8A09BEE8} = {045F13BC-72E6-423F-8696-C21F8A09BEE8}
	EndProjectSection
EndProject
Project("{FAE04EC0-301F-11D3-BF4B-00C04F79EFBC}") = "Nol3.Communication.Unit.Tests", "Nol3.Communication.Unit.Tests\Nol3.Communication.Unit.Tests.csproj", "{8EDF4429-251A-416D-BB68-93F227191BCF}"
	ProjectSection(ProjectDependencies) = postProject
		{4CF2B21A-C4B6-4EF3-AB58-0489C1CDBF8A} = {4CF2B21A-C4B6-4EF3-AB58-0489C1CDBF8A}
		{F789D1C0-8838-47CC-A583-68277334D520} = {F789D1C0-8838-47CC-A583-68277334D520}
	EndProjectSection
EndProject
Project("{FAE04EC0-301F-11D3-BF4B-00C04F79EFBC}") = "Nol3.Communication.Models", "Nol3.Communication.Models\Nol3.Communication.Models.csproj", "{045F13BC-72E6-423F-8696-C21F8A09BEE8}"
EndProject
Project("{FAE04EC0-301F-11D3-BF4B-00C04F79EFBC}") = "Nol3.Communication.Tools", "Nol3.Communication.Tools\Nol3.Communication.Tools.csproj", "{213642BC-C49D-4129-9A0F-91C945805FD0}"
EndProject
Project("{FAE04EC0-301F-11D3-BF4B-00C04F79EFBC}") = "Nol3.Communication.FIXML", "Nol3.Communication.FIXML\Nol3.Communication.FIXML.csproj", "{4CF2B21A-C4B6-4EF3-AB58-0489C1CDBF8A}"
	ProjectSection(ProjectDependencies) = postProject
		{045F13BC-72E6-423F-8696-C21F8A09BEE8} = {045F13BC-72E6-423F-8696-C21F8A09BEE8}
	EndProjectSection
EndProject
Project("{FAE04EC0-301F-11D3-BF4B-00C04F79EFBC}") = "Nol3.Communication.IntegrationTests", "Nol3.Communication.IntegrationTests\Nol3.Communication.IntegrationTests.csproj", "{40B0CC0B-A668-4B70-A1C3-AD969ED700FB}"
EndProject
Project("{2150E333-8FDC-42A3-9474-1A3956D46DE8}") = "Tests", "Tests", "{EC9EAE92-B5E1-4EE6-ABB4-D983027EEE84}"
EndProject
Project("{FAE04EC0-301F-11D3-BF4B-00C04F79EFBC}") = "Nol3.Communication.ConsoleTestApp", "Nol3.Communication.ConsoleTestApp\Nol3.Communication.ConsoleTestApp.csproj", "{46AB2581-0E12-4F2E-8765-54C5766E1396}"
EndProject
Project("{FAE04EC0-301F-11D3-BF4B-00C04F79EFBC}") = "Nol3.Communication.WPFTestAPP", "Nol3.Communication.WPFTestAPP\Nol3.Communication.WPFTestAPP.csproj", "{238EC003-2FCE-4F82-9EAA-46891F7A970C}"
EndProject
Global
	GlobalSection(SolutionConfigurationPlatforms) = preSolution
		Debug|Any CPU = Debug|Any CPU
		Debug|ARM = Debug|ARM
		Debug|x64 = Debug|x64
		Debug|x86 = Debug|x86
		Release|Any CPU = Release|Any CPU
		Release|ARM = Release|ARM
		Release|x64 = Release|x64
		Release|x86 = Release|x86
	EndGlobalSection
	GlobalSection(ProjectConfigurationPlatforms) = postSolution
		{F789D1C0-8838-47CC-A583-68277334D520}.Debug|Any CPU.ActiveCfg = Debug|Any CPU
		{F789D1C0-8838-47CC-A583-68277334D520}.Debug|Any CPU.Build.0 = Debug|Any CPU
		{F789D1C0-8838-47CC-A583-68277334D520}.Debug|ARM.ActiveCfg = Debug|Any CPU
		{F789D1C0-8838-47CC-A583-68277334D520}.Debug|ARM.Build.0 = Debug|Any CPU
		{F789D1C0-8838-47CC-A583-68277334D520}.Debug|x64.ActiveCfg = Debug|Any CPU
		{F789D1C0-8838-47CC-A583-68277334D520}.Debug|x64.Build.0 = Debug|Any CPU
		{F789D1C0-8838-47CC-A583-68277334D520}.Debug|x86.ActiveCfg = Debug|Any CPU
		{F789D1C0-8838-47CC-A583-68277334D520}.Debug|x86.Build.0 = Debug|Any CPU
		{F789D1C0-8838-47CC-A583-68277334D520}.Release|Any CPU.ActiveCfg = Release|Any CPU
		{F789D1C0-8838-47CC-A583-68277334D520}.Release|Any CPU.Build.0 = Release|Any CPU
		{F789D1C0-8838-47CC-A583-68277334D520}.Release|ARM.ActiveCfg = Release|Any CPU
		{F789D1C0-8838-47CC-A583-68277334D520}.Release|ARM.Build.0 = Release|Any CPU
		{F789D1C0-8838-47CC-A583-68277334D520}.Release|x64.ActiveCfg = Release|Any CPU
		{F789D1C0-8838-47CC-A583-68277334D520}.Release|x64.Build.0 = Release|Any CPU
		{F789D1C0-8838-47CC-A583-68277334D520}.Release|x86.ActiveCfg = Release|Any CPU
		{F789D1C0-8838-47CC-A583-68277334D520}.Release|x86.Build.0 = Release|Any CPU
		{8EDF4429-251A-416D-BB68-93F227191BCF}.Debug|Any CPU.ActiveCfg = Debug|Any CPU
		{8EDF4429-251A-416D-BB68-93F227191BCF}.Debug|Any CPU.Build.0 = Debug|Any CPU
		{8EDF4429-251A-416D-BB68-93F227191BCF}.Debug|ARM.ActiveCfg = Debug|Any CPU
		{8EDF4429-251A-416D-BB68-93F227191BCF}.Debug|ARM.Build.0 = Debug|Any CPU
		{8EDF4429-251A-416D-BB68-93F227191BCF}.Debug|x64.ActiveCfg = Debug|Any CPU
		{8EDF4429-251A-416D-BB68-93F227191BCF}.Debug|x64.Build.0 = Debug|Any CPU
		{8EDF4429-251A-416D-BB68-93F227191BCF}.Debug|x86.ActiveCfg = Debug|Any CPU
		{8EDF4429-251A-416D-BB68-93F227191BCF}.Debug|x86.Build.0 = Debug|Any CPU
		{8EDF4429-251A-416D-BB68-93F227191BCF}.Release|Any CPU.ActiveCfg = Release|Any CPU
		{8EDF4429-251A-416D-BB68-93F227191BCF}.Release|Any CPU.Build.0 = Release|Any CPU
		{8EDF4429-251A-416D-BB68-93F227191BCF}.Release|ARM.ActiveCfg = Release|Any CPU
		{8EDF4429-251A-416D-BB68-93F227191BCF}.Release|ARM.Build.0 = Release|Any CPU
		{8EDF4429-251A-416D-BB68-93F227191BCF}.Release|x64.ActiveCfg = Release|Any CPU
		{8EDF4429-251A-416D-BB68-93F227191BCF}.Release|x64.Build.0 = Release|Any CPU
		{8EDF4429-251A-416D-BB68-93F227191BCF}.Release|x86.ActiveCfg = Release|Any CPU
		{8EDF4429-251A-416D-BB68-93F227191BCF}.Release|x86.Build.0 = Release|Any CPU
		{045F13BC-72E6-423F-8696-C21F8A09BEE8}.Debug|Any CPU.ActiveCfg = Debug|Any CPU
		{045F13BC-72E6-423F-8696-C21F8A09BEE8}.Debug|Any CPU.Build.0 = Debug|Any CPU
		{045F13BC-72E6-423F-8696-C21F8A09BEE8}.Debug|ARM.ActiveCfg = Debug|Any CPU
		{045F13BC-72E6-423F-8696-C21F8A09BEE8}.Debug|ARM.Build.0 = Debug|Any CPU
		{045F13BC-72E6-423F-8696-C21F8A09BEE8}.Debug|x64.ActiveCfg = Debug|Any CPU
		{045F13BC-72E6-423F-8696-C21F8A09BEE8}.Debug|x64.Build.0 = Debug|Any CPU
		{045F13BC-72E6-423F-8696-C21F8A09BEE8}.Debug|x86.ActiveCfg = Debug|Any CPU
		{045F13BC-72E6-423F-8696-C21F8A09BEE8}.Debug|x86.Build.0 = Debug|Any CPU
		{045F13BC-72E6-423F-8696-C21F8A09BEE8}.Release|Any CPU.ActiveCfg = Release|Any CPU
		{045F13BC-72E6-423F-8696-C21F8A09BEE8}.Release|Any CPU.Build.0 = Release|Any CPU
		{045F13BC-72E6-423F-8696-C21F8A09BEE8}.Release|ARM.ActiveCfg = Release|Any CPU
		{045F13BC-72E6-423F-8696-C21F8A09BEE8}.Release|ARM.Build.0 = Release|Any CPU
		{045F13BC-72E6-423F-8696-C21F8A09BEE8}.Release|x64.ActiveCfg = Release|Any CPU
		{045F13BC-72E6-423F-8696-C21F8A09BEE8}.Release|x64.Build.0 = Release|Any CPU
		{045F13BC-72E6-423F-8696-C21F8A09BEE8}.Release|x86.ActiveCfg = Release|Any CPU
		{045F13BC-72E6-423F-8696-C21F8A09BEE8}.Release|x86.Build.0 = Release|Any CPU
		{213642BC-C49D-4129-9A0F-91C945805FD0}.Debug|Any CPU.ActiveCfg = Debug|Any CPU
		{213642BC-C49D-4129-9A0F-91C945805FD0}.Debug|Any CPU.Build.0 = Debug|Any CPU
		{213642BC-C49D-4129-9A0F-91C945805FD0}.Debug|ARM.ActiveCfg = Debug|Any CPU
		{213642BC-C49D-4129-9A0F-91C945805FD0}.Debug|ARM.Build.0 = Debug|Any CPU
		{213642BC-C49D-4129-9A0F-91C945805FD0}.Debug|x64.ActiveCfg = Debug|Any CPU
		{213642BC-C49D-4129-9A0F-91C945805FD0}.Debug|x64.Build.0 = Debug|Any CPU
		{213642BC-C49D-4129-9A0F-91C945805FD0}.Debug|x86.ActiveCfg = Debug|Any CPU
		{213642BC-C49D-4129-9A0F-91C945805FD0}.Debug|x86.Build.0 = Debug|Any CPU
		{213642BC-C49D-4129-9A0F-91C945805FD0}.Release|Any CPU.ActiveCfg = Release|Any CPU
		{213642BC-C49D-4129-9A0F-91C945805FD0}.Release|Any CPU.Build.0 = Release|Any CPU
		{213642BC-C49D-4129-9A0F-91C945805FD0}.Release|ARM.ActiveCfg = Release|Any CPU
		{213642BC-C49D-4129-9A0F-91C945805FD0}.Release|ARM.Build.0 = Release|Any CPU
		{213642BC-C49D-4129-9A0F-91C945805FD0}.Release|x64.ActiveCfg = Release|Any CPU
		{213642BC-C49D-4129-9A0F-91C945805FD0}.Release|x64.Build.0 = Release|Any CPU
		{213642BC-C49D-4129-9A0F-91C945805FD0}.Release|x86.ActiveCfg = Release|Any CPU
		{213642BC-C49D-4129-9A0F-91C945805FD0}.Release|x86.Build.0 = Release|Any CPU
		{4CF2B21A-C4B6-4EF3-AB58-0489C1CDBF8A}.Debug|Any CPU.ActiveCfg = Debug|Any CPU
		{4CF2B21A-C4B6-4EF3-AB58-0489C1CDBF8A}.Debug|Any CPU.Build.0 = Debug|Any CPU
		{4CF2B21A-C4B6-4EF3-AB58-0489C1CDBF8A}.Debug|ARM.ActiveCfg = Debug|Any CPU
		{4CF2B21A-C4B6-4EF3-AB58-0489C1CDBF8A}.Debug|ARM.Build.0 = Debug|Any CPU
		{4CF2B21A-C4B6-4EF3-AB58-0489C1CDBF8A}.Debug|x64.ActiveCfg = Debug|Any CPU
		{4CF2B21A-C4B6-4EF3-AB58-0489C1CDBF8A}.Debug|x64.Build.0 = Debug|Any CPU
		{4CF2B21A-C4B6-4EF3-AB58-0489C1CDBF8A}.Debug|x86.ActiveCfg = Debug|Any CPU
		{4CF2B21A-C4B6-4EF3-AB58-0489C1CDBF8A}.Debug|x86.Build.0 = Debug|Any CPU
		{4CF2B21A-C4B6-4EF3-AB58-0489C1CDBF8A}.Release|Any CPU.ActiveCfg = Release|Any CPU
		{4CF2B21A-C4B6-4EF3-AB58-0489C1CDBF8A}.Release|Any CPU.Build.0 = Release|Any CPU
		{4CF2B21A-C4B6-4EF3-AB58-0489C1CDBF8A}.Release|ARM.ActiveCfg = Release|Any CPU
		{4CF2B21A-C4B6-4EF3-AB58-0489C1CDBF8A}.Release|ARM.Build.0 = Release|Any CPU
		{4CF2B21A-C4B6-4EF3-AB58-0489C1CDBF8A}.Release|x64.ActiveCfg = Release|Any CPU
		{4CF2B21A-C4B6-4EF3-AB58-0489C1CDBF8A}.Release|x64.Build.0 = Release|Any CPU
		{4CF2B21A-C4B6-4EF3-AB58-0489C1CDBF8A}.Release|x86.ActiveCfg = Release|Any CPU
		{4CF2B21A-C4B6-4EF3-AB58-0489C1CDBF8A}.Release|x86.Build.0 = Release|Any CPU
		{40B0CC0B-A668-4B70-A1C3-AD969ED700FB}.Debug|Any CPU.ActiveCfg = Debug|Any CPU
		{40B0CC0B-A668-4B70-A1C3-AD969ED700FB}.Debug|Any CPU.Build.0 = Debug|Any CPU
		{40B0CC0B-A668-4B70-A1C3-AD969ED700FB}.Debug|ARM.ActiveCfg = Debug|Any CPU
		{40B0CC0B-A668-4B70-A1C3-AD969ED700FB}.Debug|ARM.Build.0 = Debug|Any CPU
		{40B0CC0B-A668-4B70-A1C3-AD969ED700FB}.Debug|x64.ActiveCfg = Debug|Any CPU
		{40B0CC0B-A668-4B70-A1C3-AD969ED700FB}.Debug|x64.Build.0 = Debug|Any CPU
		{40B0CC0B-A668-4B70-A1C3-AD969ED700FB}.Debug|x86.ActiveCfg = Debug|Any CPU
		{40B0CC0B-A668-4B70-A1C3-AD969ED700FB}.Debug|x86.Build.0 = Debug|Any CPU
		{40B0CC0B-A668-4B70-A1C3-AD969ED700FB}.Release|Any CPU.ActiveCfg = Release|Any CPU
		{40B0CC0B-A668-4B70-A1C3-AD969ED700FB}.Release|Any CPU.Build.0 = Release|Any CPU
		{40B0CC0B-A668-4B70-A1C3-AD969ED700FB}.Release|ARM.ActiveCfg = Release|Any CPU
		{40B0CC0B-A668-4B70-A1C3-AD969ED700FB}.Release|ARM.Build.0 = Release|Any CPU
		{40B0CC0B-A668-4B70-A1C3-AD969ED700FB}.Release|x64.ActiveCfg = Release|Any CPU
		{40B0CC0B-A668-4B70-A1C3-AD969ED700FB}.Release|x64.Build.0 = Release|Any CPU
		{40B0CC0B-A668-4B70-A1C3-AD969ED700FB}.Release|x86.ActiveCfg = Release|Any CPU
		{40B0CC0B-A668-4B70-A1C3-AD969ED700FB}.Release|x86.Build.0 = Release|Any CPU
		{46AB2581-0E12-4F2E-8765-54C5766E1396}.Debug|Any CPU.ActiveCfg = Debug|Any CPU
		{46AB2581-0E12-4F2E-8765-54C5766E1396}.Debug|Any CPU.Build.0 = Debug|Any CPU
		{46AB2581-0E12-4F2E-8765-54C5766E1396}.Debug|ARM.ActiveCfg = Debug|Any CPU
		{46AB2581-0E12-4F2E-8765-54C5766E1396}.Debug|ARM.Build.0 = Debug|Any CPU
		{46AB2581-0E12-4F2E-8765-54C5766E1396}.Debug|x64.ActiveCfg = Debug|Any CPU
		{46AB2581-0E12-4F2E-8765-54C5766E1396}.Debug|x64.Build.0 = Debug|Any CPU
		{46AB2581-0E12-4F2E-8765-54C5766E1396}.Debug|x86.ActiveCfg = Debug|Any CPU
		{46AB2581-0E12-4F2E-8765-54C5766E1396}.Debug|x86.Build.0 = Debug|Any CPU
		{46AB2581-0E12-4F2E-8765-54C5766E1396}.Release|Any CPU.ActiveCfg = Release|Any CPU
		{46AB2581-0E12-4F2E-8765-54C5766E1396}.Release|Any CPU.Build.0 = Release|Any CPU
		{46AB2581-0E12-4F2E-8765-54C5766E1396}.Release|ARM.ActiveCfg = Release|Any CPU
		{46AB2581-0E12-4F2E-8765-54C5766E1396}.Release|ARM.Build.0 = Release|Any CPU
		{46AB2581-0E12-4F2E-8765-54C5766E1396}.Release|x64.ActiveCfg = Release|Any CPU
		{46AB2581-0E12-4F2E-8765-54C5766E1396}.Release|x64.Build.0 = Release|Any CPU
		{46AB2581-0E12-4F2E-8765-54C5766E1396}.Release|x86.ActiveCfg = Release|Any CPU
		{46AB2581-0E12-4F2E-8765-54C5766E1396}.Release|x86.Build.0 = Release|Any CPU
		{238EC003-2FCE-4F82-9EAA-46891F7A970C}.Debug|Any CPU.ActiveCfg = Debug|Any CPU
		{238EC003-2FCE-4F82-9EAA-46891F7A970C}.Debug|Any CPU.Build.0 = Debug|Any CPU
		{238EC003-2FCE-4F82-9EAA-46891F7A970C}.Debug|ARM.ActiveCfg = Debug|Any CPU
		{238EC003-2FCE-4F82-9EAA-46891F7A970C}.Debug|ARM.Build.0 = Debug|Any CPU
		{238EC003-2FCE-4F82-9EAA-46891F7A970C}.Debug|x64.ActiveCfg = Debug|Any CPU
		{238EC003-2FCE-4F82-9EAA-46891F7A970C}.Debug|x64.Build.0 = Debug|Any CPU
		{238EC003-2FCE-4F82-9EAA-46891F7A970C}.Debug|x86.ActiveCfg = Debug|Any CPU
		{238EC003-2FCE-4F82-9EAA-46891F7A970C}.Debug|x86.Build.0 = Debug|Any CPU
		{238EC003-2FCE-4F82-9EAA-46891F7A970C}.Release|Any CPU.ActiveCfg = Release|Any CPU
		{238EC003-2FCE-4F82-9EAA-46891F7A970C}.Release|Any CPU.Build.0 = Release|Any CPU
		{238EC003-2FCE-4F82-9EAA-46891F7A970C}.Release|ARM.ActiveCfg = Release|Any CPU
		{238EC003-2FCE-4F82-9EAA-46891F7A970C}.Release|ARM.Build.0 = Release|Any CPU
		{238EC003-2FCE-4F82-9EAA-46891F7A970C}.Release|x64.ActiveCfg = Release|Any CPU
		{238EC003-2FCE-4F82-9EAA-46891F7A970C}.Release|x64.Build.0 = Release|Any CPU
		{238EC003-2FCE-4F82-9EAA-46891F7A970C}.Release|x86.ActiveCfg = Release|Any CPU
		{238EC003-2FCE-4F82-9EAA-46891F7A970C}.Release|x86.Build.0 = Release|Any CPU
	EndGlobalSection
	GlobalSection(SolutionProperties) = preSolution
		HideSolutionNode = FALSE
	EndGlobalSection
	GlobalSection(NestedProjects) = preSolution
		{8EDF4429-251A-416D-BB68-93F227191BCF} = {EC9EAE92-B5E1-4EE6-ABB4-D983027EEE84}
		{40B0CC0B-A668-4B70-A1C3-AD969ED700FB} = {EC9EAE92-B5E1-4EE6-ABB4-D983027EEE84}
	EndGlobalSection
EndGlobal
